
Microsoft Visual Studio Solution File, Format Version 12.00
# Visual Studio 15
VisualStudioVersion = 15.0.28010.2050
MinimumVisualStudioVersion = 10.0.40219.1
Project("{FAE04EC0-301F-11D3-BF4B-00C04F79EFBC}") = "Modelo", "Modelo\Modelo.csproj", "{5D5E1D82-1ECE-4E77-8ACB-933F94259484}"
EndProject
Project("{FAE04EC0-301F-11D3-BF4B-00C04F79EFBC}") = "Controlador", "Controlador\Controlador.csproj", "{E7DF1CF2-3300-496C-8BC9-B8B581AC1316}"
EndProject
Project("{FAE04EC0-301F-11D3-BF4B-00C04F79EFBC}") = "Vista", "Vista\Vista.csproj", "{9EDC5244-6D53-4356-8E74-8A8783B08DD4}"
EndProject
Global
	GlobalSection(SolutionConfigurationPlatforms) = preSolution
		Debug|Any CPU = Debug|Any CPU
		Release|Any CPU = Release|Any CPU
	EndGlobalSection
	GlobalSection(ProjectConfigurationPlatforms) = postSolution
		{5D5E1D82-1ECE-4E77-8ACB-933F94259484}.Debug|Any CPU.ActiveCfg = Debug|Any CPU
		{5D5E1D82-1ECE-4E77-8ACB-933F94259484}.Debug|Any CPU.Build.0 = Debug|Any CPU
		{5D5E1D82-1ECE-4E77-8ACB-933F94259484}.Release|Any CPU.ActiveCfg = Release|Any CPU
		{5D5E1D82-1ECE-4E77-8ACB-933F94259484}.Release|Any CPU.Build.0 = Release|Any CPU
		{E7DF1CF2-3300-496C-8BC9-B8B581AC1316}.Debug|Any CPU.ActiveCfg = Debug|Any CPU
		{E7DF1CF2-3300-496C-8BC9-B8B581AC1316}.Debug|Any CPU.Build.0 = Debug|Any CPU
		{E7DF1CF2-3300-496C-8BC9-B8B581AC1316}.Release|Any CPU.ActiveCfg = Release|Any CPU
		{E7DF1CF2-3300-496C-8BC9-B8B581AC1316}.Release|Any CPU.Build.0 = Release|Any CPU
		{9EDC5244-6D53-4356-8E74-8A8783B08DD4}.Debug|Any CPU.ActiveCfg = Debug|Any CPU
		{9EDC5244-6D53-4356-8E74-8A8783B08DD4}.Debug|Any CPU.Build.0 = Debug|Any CPU
		{9EDC5244-6D53-4356-8E74-8A8783B08DD4}.Release|Any CPU.ActiveCfg = Release|Any CPU
		{9EDC5244-6D53-4356-8E74-8A8783B08DD4}.Release|Any CPU.Build.0 = Release|Any CPU
	EndGlobalSection
	GlobalSection(SolutionProperties) = preSolution
		HideSolutionNode = FALSE
	EndGlobalSection
	GlobalSection(ExtensibilityGlobals) = postSolution
		SolutionGuid = {391F3C0A-DD20-44BF-B8ED-FE07C455E7D2}
	EndGlobalSection
EndGlobal
